// !$*UTF8*$!
{
	archiveVersion = 1;
	classes = {
	};
	objectVersion = 52;
	objects = {

/* Begin PBXBuildFile section */
		FA38F55426A17EEF0035E86C /* AppDelegate.swift in Sources */ = {isa = PBXBuildFile; fileRef = FA38F55326A17EEF0035E86C /* AppDelegate.swift */; };
		FA38F55626A17EEF0035E86C /* SceneDelegate.swift in Sources */ = {isa = PBXBuildFile; fileRef = FA38F55526A17EEF0035E86C /* SceneDelegate.swift */; };
		FA38F55D26A17EF20035E86C /* Assets.xcassets in Resources */ = {isa = PBXBuildFile; fileRef = FA38F55C26A17EF20035E86C /* Assets.xcassets */; };
		FA38F56026A17EF20035E86C /* LaunchScreen.storyboard in Resources */ = {isa = PBXBuildFile; fileRef = FA38F55E26A17EF20035E86C /* LaunchScreen.storyboard */; };
		FA38F56B26A17F4C0035E86C /* Product.swift in Sources */ = {isa = PBXBuildFile; fileRef = FA38F56A26A17F4C0035E86C /* Product.swift */; };
		FA38F57D26A17F5A0035E86C /* NewsManager.swift in Sources */ = {isa = PBXBuildFile; fileRef = FA38F56D26A17F5A0035E86C /* NewsManager.swift */; };
		FA38F57E26A17F5A0035E86C /* AppCoordinator.swift in Sources */ = {isa = PBXBuildFile; fileRef = FA38F57026A17F5A0035E86C /* AppCoordinator.swift */; };
		FA38F57F26A17F5A0035E86C /* Storyboarded.swift in Sources */ = {isa = PBXBuildFile; fileRef = FA38F57126A17F5A0035E86C /* Storyboarded.swift */; };
		FA38F58026A17F5A0035E86C /* CoordinatorProtocol.swift in Sources */ = {isa = PBXBuildFile; fileRef = FA38F57226A17F5A0035E86C /* CoordinatorProtocol.swift */; };
		FA38F58126A17F5A0035E86C /* CoordinatorDelegate.swift in Sources */ = {isa = PBXBuildFile; fileRef = FA38F57326A17F5A0035E86C /* CoordinatorDelegate.swift */; };
		FA38F58226A17F5A0035E86C /* NetworkManager.swift in Sources */ = {isa = PBXBuildFile; fileRef = FA38F57526A17F5A0035E86C /* NetworkManager.swift */; };
		FA38F58326A17F5A0035E86C /* UIImage + Extension.swift in Sources */ = {isa = PBXBuildFile; fileRef = FA38F57726A17F5A0035E86C /* UIImage + Extension.swift */; };
		FA38F58426A17F5A0035E86C /* UIColor + Extension.swift in Sources */ = {isa = PBXBuildFile; fileRef = FA38F57826A17F5A0035E86C /* UIColor + Extension.swift */; };
		FA38F58526A17F5A0035E86C /* UITableViewCell + Extension.swift in Sources */ = {isa = PBXBuildFile; fileRef = FA38F57926A17F5A0035E86C /* UITableViewCell + Extension.swift */; };
		FA38F58626A17F5A0035E86C /* UICollectionView + Extension.swift in Sources */ = {isa = PBXBuildFile; fileRef = FA38F57A26A17F5A0035E86C /* UICollectionView + Extension.swift */; };
		FA38F58726A17F5A0035E86C /* UICollectionViewCell + Extension.swift in Sources */ = {isa = PBXBuildFile; fileRef = FA38F57B26A17F5A0035E86C /* UICollectionViewCell + Extension.swift */; };
		FA38F58826A17F5A0035E86C /* UITableView + Extension.swift in Sources */ = {isa = PBXBuildFile; fileRef = FA38F57C26A17F5A0035E86C /* UITableView + Extension.swift */; };
		FA38F5E126A183590035E86C /* FavoritesViewController.storyboard in Resources */ = {isa = PBXBuildFile; fileRef = FA38F5C626A183590035E86C /* FavoritesViewController.storyboard */; };
		FA38F5E226A183590035E86C /* FavoritesViewController.swift in Sources */ = {isa = PBXBuildFile; fileRef = FA38F5C726A183590035E86C /* FavoritesViewController.swift */; };
		FA38F5E326A183590035E86C /* FavoritesCoordinator.swift in Sources */ = {isa = PBXBuildFile; fileRef = FA38F5C926A183590035E86C /* FavoritesCoordinator.swift */; };
		FA38F5E426A183590035E86C /* SearchCoordinator.swift in Sources */ = {isa = PBXBuildFile; fileRef = FA38F5CC26A183590035E86C /* SearchCoordinator.swift */; };
		FA38F5E526A183590035E86C /* SearchViewController.swift in Sources */ = {isa = PBXBuildFile; fileRef = FA38F5CE26A183590035E86C /* SearchViewController.swift */; };
		FA38F5E626A183590035E86C /* SearchViewController.storyboard in Resources */ = {isa = PBXBuildFile; fileRef = FA38F5CF26A183590035E86C /* SearchViewController.storyboard */; };
		FA38F5E726A183590035E86C /* NewsCoordinator.swift in Sources */ = {isa = PBXBuildFile; fileRef = FA38F5D226A183590035E86C /* NewsCoordinator.swift */; };
		FA38F5E826A183590035E86C /* NewsViewController.storyboard in Resources */ = {isa = PBXBuildFile; fileRef = FA38F5D426A183590035E86C /* NewsViewController.storyboard */; };
		FA38F5E926A183590035E86C /* NewsViewController.swift in Sources */ = {isa = PBXBuildFile; fileRef = FA38F5D526A183590035E86C /* NewsViewController.swift */; };
		FA38F5EA26A183590035E86C /* FeedCoordinator.swift in Sources */ = {isa = PBXBuildFile; fileRef = FA38F5D826A183590035E86C /* FeedCoordinator.swift */; };
		FA38F5EB26A183590035E86C /* FeedViewController.storyboard in Resources */ = {isa = PBXBuildFile; fileRef = FA38F5DA26A183590035E86C /* FeedViewController.storyboard */; };
		FA38F5EC26A183590035E86C /* FeedViewController.swift in Sources */ = {isa = PBXBuildFile; fileRef = FA38F5DB26A183590035E86C /* FeedViewController.swift */; };
		FA38F5ED26A183590035E86C /* TabBarController.storyboard in Resources */ = {isa = PBXBuildFile; fileRef = FA38F5DD26A183590035E86C /* TabBarController.storyboard */; };
		FA38F5EE26A183590035E86C /* TabBarController.swift in Sources */ = {isa = PBXBuildFile; fileRef = FA38F5DE26A183590035E86C /* TabBarController.swift */; };
		FA38F5EF26A183590035E86C /* BaseViewController.swift in Sources */ = {isa = PBXBuildFile; fileRef = FA38F5E026A183590035E86C /* BaseViewController.swift */; };
		FA38F5F126A185D40035E86C /* FavoritesDataSource.swift in Sources */ = {isa = PBXBuildFile; fileRef = FA38F5F026A185D40035E86C /* FavoritesDataSource.swift */; };
		FA38F5F426A185E30035E86C /* FavoritesViewModel.swift in Sources */ = {isa = PBXBuildFile; fileRef = FA38F5F326A185E30035E86C /* FavoritesViewModel.swift */; };
		FA38F5F626A18A250035E86C /* NewsResponse.swift in Sources */ = {isa = PBXBuildFile; fileRef = FA38F5F526A18A250035E86C /* NewsResponse.swift */; };
		FA38F60426A1970A0035E86C /* CategoryCollectionViewDataSource.swift in Sources */ = {isa = PBXBuildFile; fileRef = FA38F60326A1970A0035E86C /* CategoryCollectionViewDataSource.swift */; };
		FA38F60726A197D10035E86C /* CategoryCell.swift in Sources */ = {isa = PBXBuildFile; fileRef = FA38F60526A197D10035E86C /* CategoryCell.swift */; };
		FA38F60826A197D10035E86C /* CategoryCell.xib in Resources */ = {isa = PBXBuildFile; fileRef = FA38F60626A197D10035E86C /* CategoryCell.xib */; };
		FA38F61126A1A00C0035E86C /* NewsCell.swift in Sources */ = {isa = PBXBuildFile; fileRef = FA38F60F26A1A00C0035E86C /* NewsCell.swift */; };
		FA38F61226A1A00C0035E86C /* NewsCell.xib in Resources */ = {isa = PBXBuildFile; fileRef = FA38F61026A1A00C0035E86C /* NewsCell.xib */; };
		FA38F61526A1A3370035E86C /* Kingfisher in Frameworks */ = {isa = PBXBuildFile; productRef = FA38F61426A1A3370035E86C /* Kingfisher */; };
		FA38F61726A1A4530035E86C /* SearchDataSource.swift in Sources */ = {isa = PBXBuildFile; fileRef = FA38F61626A1A4530035E86C /* SearchDataSource.swift */; };
		FA38F61926A1A45D0035E86C /* SearchViewModel.swift in Sources */ = {isa = PBXBuildFile; fileRef = FA38F61826A1A45D0035E86C /* SearchViewModel.swift */; };
		FA38F61C26A1AD990035E86C /* Featured.swift in Sources */ = {isa = PBXBuildFile; fileRef = FA38F61B26A1AD990035E86C /* Featured.swift */; };
		FA38F61F26A1B30F0035E86C /* NewsViewModel.swift in Sources */ = {isa = PBXBuildFile; fileRef = FA38F61E26A1B30F0035E86C /* NewsViewModel.swift */; };
		FA38F62126A1B3190035E86C /* NewsDataSource.swift in Sources */ = {isa = PBXBuildFile; fileRef = FA38F62026A1B3190035E86C /* NewsDataSource.swift */; };
		FA38F62426A1B3A80035E86C /* TopCell.swift in Sources */ = {isa = PBXBuildFile; fileRef = FA38F62226A1B3A80035E86C /* TopCell.swift */; };
		FA38F62526A1B3A80035E86C /* TopCell.xib in Resources */ = {isa = PBXBuildFile; fileRef = FA38F62326A1B3A80035E86C /* TopCell.xib */; };
		FA38F62926A1B3C60035E86C /* GridCell.swift in Sources */ = {isa = PBXBuildFile; fileRef = FA38F62726A1B3C60035E86C /* GridCell.swift */; };
		FA38F62A26A1B3C60035E86C /* GridCell.xib in Resources */ = {isa = PBXBuildFile; fileRef = FA38F62826A1B3C60035E86C /* GridCell.xib */; };
		FA38F62F26A1B3E70035E86C /* GridItem.swift in Sources */ = {isa = PBXBuildFile; fileRef = FA38F62D26A1B3E70035E86C /* GridItem.swift */; };
		FA38F63026A1B3E70035E86C /* GridItem.xib in Resources */ = {isa = PBXBuildFile; fileRef = FA38F62E26A1B3E70035E86C /* GridItem.xib */; };
		FA38F63426A1BD100035E86C /* FeedCategoryCell.swift in Sources */ = {isa = PBXBuildFile; fileRef = FA38F63226A1BD100035E86C /* FeedCategoryCell.swift */; };
		FA38F63526A1BD100035E86C /* FeedCategoryCell.xib in Resources */ = {isa = PBXBuildFile; fileRef = FA38F63326A1BD100035E86C /* FeedCategoryCell.xib */; };
		FA38F63926A1BE0A0035E86C /* FeedDataSource.swift in Sources */ = {isa = PBXBuildFile; fileRef = FA38F63826A1BE0A0035E86C /* FeedDataSource.swift */; };
		FA38F63B26A1BE160035E86C /* FeedViewModel.swift in Sources */ = {isa = PBXBuildFile; fileRef = FA38F63A26A1BE160035E86C /* FeedViewModel.swift */; };
		FA38F63D26A1BEAF0035E86C /* FeedCategoryCellViewModel.swift in Sources */ = {isa = PBXBuildFile; fileRef = FA38F63C26A1BEAF0035E86C /* FeedCategoryCellViewModel.swift */; };
		FA38F64126A1CAAB0035E86C /* RecentItem.swift in Sources */ = {isa = PBXBuildFile; fileRef = FA38F63F26A1CAAB0035E86C /* RecentItem.swift */; };
		FA38F64226A1CAAB0035E86C /* RecentItem.xib in Resources */ = {isa = PBXBuildFile; fileRef = FA38F64026A1CAAB0035E86C /* RecentItem.xib */; };
		FA38F64626A1CACB0035E86C /* RecentCell.swift in Sources */ = {isa = PBXBuildFile; fileRef = FA38F64426A1CACB0035E86C /* RecentCell.swift */; };
		FA38F64726A1CACB0035E86C /* RecentCell.xib in Resources */ = {isa = PBXBuildFile; fileRef = FA38F64526A1CACB0035E86C /* RecentCell.xib */; };
		FA38F64926A1E1770035E86C /* RecentlyCellCollectionViewDataSource.swift in Sources */ = {isa = PBXBuildFile; fileRef = FA38F64826A1E1770035E86C /* RecentlyCellCollectionViewDataSource.swift */; };
		FA38F64D26A1F2CD0035E86C /* RelatedStoriesCell.swift in Sources */ = {isa = PBXBuildFile; fileRef = FA38F64B26A1F2CD0035E86C /* RelatedStoriesCell.swift */; };
		FA38F64E26A1F2CD0035E86C /* RelatedStoriesCell.xib in Resources */ = {isa = PBXBuildFile; fileRef = FA38F64C26A1F2CD0035E86C /* RelatedStoriesCell.xib */; };
		FA38F65226A1F3030035E86C /* RelatedStoriesItem.swift in Sources */ = {isa = PBXBuildFile; fileRef = FA38F65026A1F3030035E86C /* RelatedStoriesItem.swift */; };
		FA38F65326A1F3030035E86C /* RelatedStoriesItem.xib in Resources */ = {isa = PBXBuildFile; fileRef = FA38F65126A1F3030035E86C /* RelatedStoriesItem.xib */; };
		FA38F65526A213FB0035E86C /* RelatedStoryCellDataSource.swift in Sources */ = {isa = PBXBuildFile; fileRef = FA38F65426A213FB0035E86C /* RelatedStoryCellDataSource.swift */; };
/* End PBXBuildFile section */

/* Begin PBXFileReference section */
		FA38F55026A17EEF0035E86C /* Reader.app */ = {isa = PBXFileReference; explicitFileType = wrapper.application; includeInIndex = 0; path = Reader.app; sourceTree = BUILT_PRODUCTS_DIR; };
		FA38F55326A17EEF0035E86C /* AppDelegate.swift */ = {isa = PBXFileReference; lastKnownFileType = sourcecode.swift; path = AppDelegate.swift; sourceTree = "<group>"; };
		FA38F55526A17EEF0035E86C /* SceneDelegate.swift */ = {isa = PBXFileReference; lastKnownFileType = sourcecode.swift; path = SceneDelegate.swift; sourceTree = "<group>"; };
		FA38F55C26A17EF20035E86C /* Assets.xcassets */ = {isa = PBXFileReference; lastKnownFileType = folder.assetcatalog; path = Assets.xcassets; sourceTree = "<group>"; };
		FA38F55F26A17EF20035E86C /* Base */ = {isa = PBXFileReference; lastKnownFileType = file.storyboard; name = Base; path = Base.lproj/LaunchScreen.storyboard; sourceTree = "<group>"; };
		FA38F56126A17EF20035E86C /* Info.plist */ = {isa = PBXFileReference; lastKnownFileType = text.plist.xml; path = Info.plist; sourceTree = "<group>"; };
		FA38F56A26A17F4C0035E86C /* Product.swift */ = {isa = PBXFileReference; fileEncoding = 4; lastKnownFileType = sourcecode.swift; path = Product.swift; sourceTree = "<group>"; };
		FA38F56D26A17F5A0035E86C /* NewsManager.swift */ = {isa = PBXFileReference; fileEncoding = 4; lastKnownFileType = sourcecode.swift; path = NewsManager.swift; sourceTree = "<group>"; };
		FA38F57026A17F5A0035E86C /* AppCoordinator.swift */ = {isa = PBXFileReference; fileEncoding = 4; lastKnownFileType = sourcecode.swift; path = AppCoordinator.swift; sourceTree = "<group>"; };
		FA38F57126A17F5A0035E86C /* Storyboarded.swift */ = {isa = PBXFileReference; fileEncoding = 4; lastKnownFileType = sourcecode.swift; path = Storyboarded.swift; sourceTree = "<group>"; };
		FA38F57226A17F5A0035E86C /* CoordinatorProtocol.swift */ = {isa = PBXFileReference; fileEncoding = 4; lastKnownFileType = sourcecode.swift; path = CoordinatorProtocol.swift; sourceTree = "<group>"; };
		FA38F57326A17F5A0035E86C /* CoordinatorDelegate.swift */ = {isa = PBXFileReference; fileEncoding = 4; lastKnownFileType = sourcecode.swift; path = CoordinatorDelegate.swift; sourceTree = "<group>"; };
		FA38F57526A17F5A0035E86C /* NetworkManager.swift */ = {isa = PBXFileReference; fileEncoding = 4; lastKnownFileType = sourcecode.swift; path = NetworkManager.swift; sourceTree = "<group>"; };
		FA38F57726A17F5A0035E86C /* UIImage + Extension.swift */ = {isa = PBXFileReference; fileEncoding = 4; lastKnownFileType = sourcecode.swift; path = "UIImage + Extension.swift"; sourceTree = "<group>"; };
		FA38F57826A17F5A0035E86C /* UIColor + Extension.swift */ = {isa = PBXFileReference; fileEncoding = 4; lastKnownFileType = sourcecode.swift; path = "UIColor + Extension.swift"; sourceTree = "<group>"; };
		FA38F57926A17F5A0035E86C /* UITableViewCell + Extension.swift */ = {isa = PBXFileReference; fileEncoding = 4; lastKnownFileType = sourcecode.swift; path = "UITableViewCell + Extension.swift"; sourceTree = "<group>"; };
		FA38F57A26A17F5A0035E86C /* UICollectionView + Extension.swift */ = {isa = PBXFileReference; fileEncoding = 4; lastKnownFileType = sourcecode.swift; path = "UICollectionView + Extension.swift"; sourceTree = "<group>"; };
		FA38F57B26A17F5A0035E86C /* UICollectionViewCell + Extension.swift */ = {isa = PBXFileReference; fileEncoding = 4; lastKnownFileType = sourcecode.swift; path = "UICollectionViewCell + Extension.swift"; sourceTree = "<group>"; };
		FA38F57C26A17F5A0035E86C /* UITableView + Extension.swift */ = {isa = PBXFileReference; fileEncoding = 4; lastKnownFileType = sourcecode.swift; path = "UITableView + Extension.swift"; sourceTree = "<group>"; };
		FA38F5C626A183590035E86C /* FavoritesViewController.storyboard */ = {isa = PBXFileReference; fileEncoding = 4; lastKnownFileType = file.storyboard; path = FavoritesViewController.storyboard; sourceTree = "<group>"; };
		FA38F5C726A183590035E86C /* FavoritesViewController.swift */ = {isa = PBXFileReference; fileEncoding = 4; lastKnownFileType = sourcecode.swift; path = FavoritesViewController.swift; sourceTree = "<group>"; };
		FA38F5C926A183590035E86C /* FavoritesCoordinator.swift */ = {isa = PBXFileReference; fileEncoding = 4; lastKnownFileType = sourcecode.swift; path = FavoritesCoordinator.swift; sourceTree = "<group>"; };
		FA38F5CC26A183590035E86C /* SearchCoordinator.swift */ = {isa = PBXFileReference; fileEncoding = 4; lastKnownFileType = sourcecode.swift; path = SearchCoordinator.swift; sourceTree = "<group>"; };
		FA38F5CE26A183590035E86C /* SearchViewController.swift */ = {isa = PBXFileReference; fileEncoding = 4; lastKnownFileType = sourcecode.swift; path = SearchViewController.swift; sourceTree = "<group>"; };
		FA38F5CF26A183590035E86C /* SearchViewController.storyboard */ = {isa = PBXFileReference; fileEncoding = 4; lastKnownFileType = file.storyboard; path = SearchViewController.storyboard; sourceTree = "<group>"; };
		FA38F5D226A183590035E86C /* NewsCoordinator.swift */ = {isa = PBXFileReference; fileEncoding = 4; lastKnownFileType = sourcecode.swift; path = NewsCoordinator.swift; sourceTree = "<group>"; };
		FA38F5D426A183590035E86C /* NewsViewController.storyboard */ = {isa = PBXFileReference; fileEncoding = 4; lastKnownFileType = file.storyboard; path = NewsViewController.storyboard; sourceTree = "<group>"; };
		FA38F5D526A183590035E86C /* NewsViewController.swift */ = {isa = PBXFileReference; fileEncoding = 4; lastKnownFileType = sourcecode.swift; path = NewsViewController.swift; sourceTree = "<group>"; };
		FA38F5D826A183590035E86C /* FeedCoordinator.swift */ = {isa = PBXFileReference; fileEncoding = 4; lastKnownFileType = sourcecode.swift; path = FeedCoordinator.swift; sourceTree = "<group>"; };
		FA38F5DA26A183590035E86C /* FeedViewController.storyboard */ = {isa = PBXFileReference; fileEncoding = 4; lastKnownFileType = file.storyboard; path = FeedViewController.storyboard; sourceTree = "<group>"; };
		FA38F5DB26A183590035E86C /* FeedViewController.swift */ = {isa = PBXFileReference; fileEncoding = 4; lastKnownFileType = sourcecode.swift; path = FeedViewController.swift; sourceTree = "<group>"; };
		FA38F5DD26A183590035E86C /* TabBarController.storyboard */ = {isa = PBXFileReference; fileEncoding = 4; lastKnownFileType = file.storyboard; path = TabBarController.storyboard; sourceTree = "<group>"; };
		FA38F5DE26A183590035E86C /* TabBarController.swift */ = {isa = PBXFileReference; fileEncoding = 4; lastKnownFileType = sourcecode.swift; path = TabBarController.swift; sourceTree = "<group>"; };
		FA38F5E026A183590035E86C /* BaseViewController.swift */ = {isa = PBXFileReference; fileEncoding = 4; lastKnownFileType = sourcecode.swift; path = BaseViewController.swift; sourceTree = "<group>"; };
		FA38F5F026A185D40035E86C /* FavoritesDataSource.swift */ = {isa = PBXFileReference; lastKnownFileType = sourcecode.swift; path = FavoritesDataSource.swift; sourceTree = "<group>"; };
		FA38F5F326A185E30035E86C /* FavoritesViewModel.swift */ = {isa = PBXFileReference; lastKnownFileType = sourcecode.swift; path = FavoritesViewModel.swift; sourceTree = "<group>"; };
		FA38F5F526A18A250035E86C /* NewsResponse.swift */ = {isa = PBXFileReference; fileEncoding = 4; lastKnownFileType = sourcecode.swift; path = NewsResponse.swift; sourceTree = "<group>"; };
		FA38F60326A1970A0035E86C /* CategoryCollectionViewDataSource.swift */ = {isa = PBXFileReference; lastKnownFileType = sourcecode.swift; path = CategoryCollectionViewDataSource.swift; sourceTree = "<group>"; };
		FA38F60526A197D10035E86C /* CategoryCell.swift */ = {isa = PBXFileReference; lastKnownFileType = sourcecode.swift; path = CategoryCell.swift; sourceTree = "<group>"; };
		FA38F60626A197D10035E86C /* CategoryCell.xib */ = {isa = PBXFileReference; lastKnownFileType = file.xib; path = CategoryCell.xib; sourceTree = "<group>"; };
		FA38F60F26A1A00C0035E86C /* NewsCell.swift */ = {isa = PBXFileReference; lastKnownFileType = sourcecode.swift; path = NewsCell.swift; sourceTree = "<group>"; };
		FA38F61026A1A00C0035E86C /* NewsCell.xib */ = {isa = PBXFileReference; lastKnownFileType = file.xib; path = NewsCell.xib; sourceTree = "<group>"; };
		FA38F61626A1A4530035E86C /* SearchDataSource.swift */ = {isa = PBXFileReference; lastKnownFileType = sourcecode.swift; path = SearchDataSource.swift; sourceTree = "<group>"; };
		FA38F61826A1A45D0035E86C /* SearchViewModel.swift */ = {isa = PBXFileReference; lastKnownFileType = sourcecode.swift; path = SearchViewModel.swift; sourceTree = "<group>"; };
		FA38F61B26A1AD990035E86C /* Featured.swift */ = {isa = PBXFileReference; lastKnownFileType = sourcecode.swift; path = Featured.swift; sourceTree = "<group>"; };
		FA38F61E26A1B30F0035E86C /* NewsViewModel.swift */ = {isa = PBXFileReference; lastKnownFileType = sourcecode.swift; path = NewsViewModel.swift; sourceTree = "<group>"; };
		FA38F62026A1B3190035E86C /* NewsDataSource.swift */ = {isa = PBXFileReference; lastKnownFileType = sourcecode.swift; path = NewsDataSource.swift; sourceTree = "<group>"; };
		FA38F62226A1B3A80035E86C /* TopCell.swift */ = {isa = PBXFileReference; lastKnownFileType = sourcecode.swift; path = TopCell.swift; sourceTree = "<group>"; };
		FA38F62326A1B3A80035E86C /* TopCell.xib */ = {isa = PBXFileReference; lastKnownFileType = file.xib; path = TopCell.xib; sourceTree = "<group>"; };
		FA38F62726A1B3C60035E86C /* GridCell.swift */ = {isa = PBXFileReference; lastKnownFileType = sourcecode.swift; path = GridCell.swift; sourceTree = "<group>"; };
		FA38F62826A1B3C60035E86C /* GridCell.xib */ = {isa = PBXFileReference; lastKnownFileType = file.xib; path = GridCell.xib; sourceTree = "<group>"; };
		FA38F62D26A1B3E70035E86C /* GridItem.swift */ = {isa = PBXFileReference; lastKnownFileType = sourcecode.swift; path = GridItem.swift; sourceTree = "<group>"; };
		FA38F62E26A1B3E70035E86C /* GridItem.xib */ = {isa = PBXFileReference; lastKnownFileType = file.xib; path = GridItem.xib; sourceTree = "<group>"; };
		FA38F63226A1BD100035E86C /* FeedCategoryCell.swift */ = {isa = PBXFileReference; lastKnownFileType = sourcecode.swift; path = FeedCategoryCell.swift; sourceTree = "<group>"; };
		FA38F63326A1BD100035E86C /* FeedCategoryCell.xib */ = {isa = PBXFileReference; lastKnownFileType = file.xib; path = FeedCategoryCell.xib; sourceTree = "<group>"; };
		FA38F63826A1BE0A0035E86C /* FeedDataSource.swift */ = {isa = PBXFileReference; lastKnownFileType = sourcecode.swift; path = FeedDataSource.swift; sourceTree = "<group>"; };
		FA38F63A26A1BE160035E86C /* FeedViewModel.swift */ = {isa = PBXFileReference; lastKnownFileType = sourcecode.swift; path = FeedViewModel.swift; sourceTree = "<group>"; };
		FA38F63C26A1BEAF0035E86C /* FeedCategoryCellViewModel.swift */ = {isa = PBXFileReference; lastKnownFileType = sourcecode.swift; path = FeedCategoryCellViewModel.swift; sourceTree = "<group>"; };
		FA38F63F26A1CAAB0035E86C /* RecentItem.swift */ = {isa = PBXFileReference; lastKnownFileType = sourcecode.swift; path = RecentItem.swift; sourceTree = "<group>"; };
		FA38F64026A1CAAB0035E86C /* RecentItem.xib */ = {isa = PBXFileReference; lastKnownFileType = file.xib; path = RecentItem.xib; sourceTree = "<group>"; };
		FA38F64426A1CACB0035E86C /* RecentCell.swift */ = {isa = PBXFileReference; lastKnownFileType = sourcecode.swift; path = RecentCell.swift; sourceTree = "<group>"; };
		FA38F64526A1CACB0035E86C /* RecentCell.xib */ = {isa = PBXFileReference; lastKnownFileType = file.xib; path = RecentCell.xib; sourceTree = "<group>"; };
		FA38F64826A1E1770035E86C /* RecentlyCellCollectionViewDataSource.swift */ = {isa = PBXFileReference; lastKnownFileType = sourcecode.swift; path = RecentlyCellCollectionViewDataSource.swift; sourceTree = "<group>"; };
		FA38F64B26A1F2CD0035E86C /* RelatedStoriesCell.swift */ = {isa = PBXFileReference; lastKnownFileType = sourcecode.swift; path = RelatedStoriesCell.swift; sourceTree = "<group>"; };
		FA38F64C26A1F2CD0035E86C /* RelatedStoriesCell.xib */ = {isa = PBXFileReference; lastKnownFileType = file.xib; path = RelatedStoriesCell.xib; sourceTree = "<group>"; };
		FA38F65026A1F3030035E86C /* RelatedStoriesItem.swift */ = {isa = PBXFileReference; lastKnownFileType = sourcecode.swift; path = RelatedStoriesItem.swift; sourceTree = "<group>"; };
		FA38F65126A1F3030035E86C /* RelatedStoriesItem.xib */ = {isa = PBXFileReference; lastKnownFileType = file.xib; path = RelatedStoriesItem.xib; sourceTree = "<group>"; };
		FA38F65426A213FB0035E86C /* RelatedStoryCellDataSource.swift */ = {isa = PBXFileReference; lastKnownFileType = sourcecode.swift; path = RelatedStoryCellDataSource.swift; sourceTree = "<group>"; };
/* End PBXFileReference section */

/* Begin PBXFrameworksBuildPhase section */
		FA38F54D26A17EEF0035E86C /* Frameworks */ = {
			isa = PBXFrameworksBuildPhase;
			buildActionMask = 2147483647;
			files = (
				FA38F61526A1A3370035E86C /* Kingfisher in Frameworks */,
			);
			runOnlyForDeploymentPostprocessing = 0;
		};
/* End PBXFrameworksBuildPhase section */

/* Begin PBXGroup section */
		FA38F54726A17EEF0035E86C = {
			isa = PBXGroup;
			children = (
				FA38F55226A17EEF0035E86C /* Reader */,
				FA38F55126A17EEF0035E86C /* Products */,
			);
			sourceTree = "<group>";
		};
		FA38F55126A17EEF0035E86C /* Products */ = {
			isa = PBXGroup;
			children = (
				FA38F55026A17EEF0035E86C /* Reader.app */,
			);
			name = Products;
			sourceTree = "<group>";
		};
		FA38F55226A17EEF0035E86C /* Reader */ = {
			isa = PBXGroup;
			children = (
				FA38F56726A17F0C0035E86C /* App */,
				FA38F56826A17F4C0035E86C /* Domain */,
				FA38F56E26A17F5A0035E86C /* Infrastructure */,
				FA38F56C26A17F5A0035E86C /* NetworkManagers */,
				FA38F5C126A183590035E86C /* Presentation */,
				FA38F5F726A18A4C0035E86C /* Resources */,
				FA38F55E26A17EF20035E86C /* LaunchScreen.storyboard */,
				FA38F56126A17EF20035E86C /* Info.plist */,
			);
			path = Reader;
			sourceTree = "<group>";
		};
		FA38F56726A17F0C0035E86C /* App */ = {
			isa = PBXGroup;
			children = (
				FA38F55326A17EEF0035E86C /* AppDelegate.swift */,
				FA38F55526A17EEF0035E86C /* SceneDelegate.swift */,
			);
			path = App;
			sourceTree = "<group>";
		};
		FA38F56826A17F4C0035E86C /* Domain */ = {
			isa = PBXGroup;
			children = (
				FA38F56926A17F4C0035E86C /* Models */,
			);
			path = Domain;
			sourceTree = "<group>";
		};
		FA38F56926A17F4C0035E86C /* Models */ = {
			isa = PBXGroup;
			children = (
				FA38F56A26A17F4C0035E86C /* Product.swift */,
				FA38F5F526A18A250035E86C /* NewsResponse.swift */,
				FA38F61B26A1AD990035E86C /* Featured.swift */,
			);
			path = Models;
			sourceTree = "<group>";
		};
		FA38F56C26A17F5A0035E86C /* NetworkManagers */ = {
			isa = PBXGroup;
			children = (
				FA38F56D26A17F5A0035E86C /* NewsManager.swift */,
			);
			path = NetworkManagers;
			sourceTree = "<group>";
		};
		FA38F56E26A17F5A0035E86C /* Infrastructure */ = {
			isa = PBXGroup;
			children = (
				FA38F56F26A17F5A0035E86C /* Coordinator */,
				FA38F57426A17F5A0035E86C /* Networking */,
				FA38F57626A17F5A0035E86C /* Extensions */,
			);
			path = Infrastructure;
			sourceTree = "<group>";
		};
		FA38F56F26A17F5A0035E86C /* Coordinator */ = {
			isa = PBXGroup;
			children = (
				FA38F57026A17F5A0035E86C /* AppCoordinator.swift */,
				FA38F57126A17F5A0035E86C /* Storyboarded.swift */,
				FA38F57226A17F5A0035E86C /* CoordinatorProtocol.swift */,
				FA38F57326A17F5A0035E86C /* CoordinatorDelegate.swift */,
			);
			path = Coordinator;
			sourceTree = "<group>";
		};
		FA38F57426A17F5A0035E86C /* Networking */ = {
			isa = PBXGroup;
			children = (
				FA38F57526A17F5A0035E86C /* NetworkManager.swift */,
			);
			path = Networking;
			sourceTree = "<group>";
		};
		FA38F57626A17F5A0035E86C /* Extensions */ = {
			isa = PBXGroup;
			children = (
				FA38F57726A17F5A0035E86C /* UIImage + Extension.swift */,
				FA38F57826A17F5A0035E86C /* UIColor + Extension.swift */,
				FA38F57926A17F5A0035E86C /* UITableViewCell + Extension.swift */,
				FA38F57A26A17F5A0035E86C /* UICollectionView + Extension.swift */,
				FA38F57B26A17F5A0035E86C /* UICollectionViewCell + Extension.swift */,
				FA38F57C26A17F5A0035E86C /* UITableView + Extension.swift */,
			);
			path = Extensions;
			sourceTree = "<group>";
		};
		FA38F5C126A183590035E86C /* Presentation */ = {
			isa = PBXGroup;
			children = (
				FA38F5C226A183590035E86C /* Scenes */,
			);
			path = Presentation;
			sourceTree = "<group>";
		};
		FA38F5C226A183590035E86C /* Scenes */ = {
			isa = PBXGroup;
			children = (
				FA38F5DF26A183590035E86C /* Base */,
				FA38F5DC26A183590035E86C /* Main */,
				FA38F5C326A183590035E86C /* Favorites */,
				FA38F5CA26A183590035E86C /* Search */,
				FA38F5D026A183590035E86C /* News */,
				FA38F5D626A183590035E86C /* Feed */,
			);
			path = Scenes;
			sourceTree = "<group>";
		};
		FA38F5C326A183590035E86C /* Favorites */ = {
			isa = PBXGroup;
			children = (
				FA38F5C826A183590035E86C /* FavoritesCoordinator */,
				FA38F5C426A183590035E86C /* ViewModel */,
				FA38F5C526A183590035E86C /* View */,
			);
			path = Favorites;
			sourceTree = "<group>";
		};
		FA38F5C426A183590035E86C /* ViewModel */ = {
			isa = PBXGroup;
			children = (
				FA38F5F026A185D40035E86C /* FavoritesDataSource.swift */,
				FA38F5F326A185E30035E86C /* FavoritesViewModel.swift */,
			);
			path = ViewModel;
			sourceTree = "<group>";
		};
		FA38F5C526A183590035E86C /* View */ = {
			isa = PBXGroup;
			children = (
				FA38F5C626A183590035E86C /* FavoritesViewController.storyboard */,
				FA38F5C726A183590035E86C /* FavoritesViewController.swift */,
			);
			path = View;
			sourceTree = "<group>";
		};
		FA38F5C826A183590035E86C /* FavoritesCoordinator */ = {
			isa = PBXGroup;
			children = (
				FA38F5C926A183590035E86C /* FavoritesCoordinator.swift */,
			);
			path = FavoritesCoordinator;
			sourceTree = "<group>";
		};
		FA38F5CA26A183590035E86C /* Search */ = {
			isa = PBXGroup;
			children = (
				FA38F5CB26A183590035E86C /* SearchCoordinator */,
				FA38F5F826A18AFB0035E86C /* ViewModel */,
				FA38F5CD26A183590035E86C /* View */,
			);
			path = Search;
			sourceTree = "<group>";
		};
		FA38F5CB26A183590035E86C /* SearchCoordinator */ = {
			isa = PBXGroup;
			children = (
				FA38F5CC26A183590035E86C /* SearchCoordinator.swift */,
			);
			path = SearchCoordinator;
			sourceTree = "<group>";
		};
		FA38F5CD26A183590035E86C /* View */ = {
			isa = PBXGroup;
			children = (
				FA38F60926A19FB90035E86C /* NewsCell */,
				FA38F5F926A190A20035E86C /* CategoryCell */,
				FA38F5CE26A183590035E86C /* SearchViewController.swift */,
				FA38F5CF26A183590035E86C /* SearchViewController.storyboard */,
			);
			path = View;
			sourceTree = "<group>";
		};
		FA38F5D026A183590035E86C /* News */ = {
			isa = PBXGroup;
			children = (
				FA38F5D126A183590035E86C /* NewsCoordinator */,
				FA38F61D26A1B3030035E86C /* ViewModel */,
				FA38F5D326A183590035E86C /* View */,
			);
			path = News;
			sourceTree = "<group>";
		};
		FA38F5D126A183590035E86C /* NewsCoordinator */ = {
			isa = PBXGroup;
			children = (
				FA38F5D226A183590035E86C /* NewsCoordinator.swift */,
			);
			path = NewsCoordinator;
			sourceTree = "<group>";
		};
		FA38F5D326A183590035E86C /* View */ = {
			isa = PBXGroup;
			children = (
				FA38F62B26A1B3CA0035E86C /* GridCell */,
				FA38F62626A1B3AF0035E86C /* TopCell */,
				FA38F5D426A183590035E86C /* NewsViewController.storyboard */,
				FA38F5D526A183590035E86C /* NewsViewController.swift */,
			);
			path = View;
			sourceTree = "<group>";
		};
		FA38F5D626A183590035E86C /* Feed */ = {
			isa = PBXGroup;
			children = (
				FA38F63626A1BDF70035E86C /* ViewModel */,
				FA38F5D726A183590035E86C /* SavedCoordinator */,
				FA38F5D926A183590035E86C /* View */,
			);
			path = Feed;
			sourceTree = "<group>";
		};
		FA38F5D726A183590035E86C /* SavedCoordinator */ = {
			isa = PBXGroup;
			children = (
				FA38F5D826A183590035E86C /* FeedCoordinator.swift */,
			);
			path = SavedCoordinator;
			sourceTree = "<group>";
		};
		FA38F5D926A183590035E86C /* View */ = {
			isa = PBXGroup;
			children = (
				FA38F64A26A1F2B50035E86C /* RelatedStories */,
				FA38F63E26A1CA9B0035E86C /* RecentCell */,
				FA38F63126A1BC8B0035E86C /* CategoryCell */,
				FA38F5DA26A183590035E86C /* FeedViewController.storyboard */,
				FA38F5DB26A183590035E86C /* FeedViewController.swift */,
			);
			path = View;
			sourceTree = "<group>";
		};
		FA38F5DC26A183590035E86C /* Main */ = {
			isa = PBXGroup;
			children = (
				FA38F5DD26A183590035E86C /* TabBarController.storyboard */,
				FA38F5DE26A183590035E86C /* TabBarController.swift */,
			);
			path = Main;
			sourceTree = "<group>";
		};
		FA38F5DF26A183590035E86C /* Base */ = {
			isa = PBXGroup;
			children = (
				FA38F5E026A183590035E86C /* BaseViewController.swift */,
			);
			path = Base;
			sourceTree = "<group>";
		};
		FA38F5F726A18A4C0035E86C /* Resources */ = {
			isa = PBXGroup;
			children = (
				FA38F55C26A17EF20035E86C /* Assets.xcassets */,
			);
			path = Resources;
			sourceTree = "<group>";
		};
		FA38F5F826A18AFB0035E86C /* ViewModel */ = {
			isa = PBXGroup;
			children = (
				FA38F61A26A1A4730035E86C /* Cell */,
				FA38F61626A1A4530035E86C /* SearchDataSource.swift */,
				FA38F61826A1A45D0035E86C /* SearchViewModel.swift */,
			);
			path = ViewModel;
			sourceTree = "<group>";
		};
		FA38F5F926A190A20035E86C /* CategoryCell */ = {
			isa = PBXGroup;
			children = (
				FA38F60526A197D10035E86C /* CategoryCell.swift */,
				FA38F60626A197D10035E86C /* CategoryCell.xib */,
			);
			path = CategoryCell;
			sourceTree = "<group>";
		};
		FA38F60926A19FB90035E86C /* NewsCell */ = {
			isa = PBXGroup;
			children = (
				FA38F60F26A1A00C0035E86C /* NewsCell.swift */,
				FA38F61026A1A00C0035E86C /* NewsCell.xib */,
			);
			path = NewsCell;
			sourceTree = "<group>";
		};
		FA38F61A26A1A4730035E86C /* Cell */ = {
			isa = PBXGroup;
			children = (
				FA38F60326A1970A0035E86C /* CategoryCollectionViewDataSource.swift */,
			);
			path = Cell;
			sourceTree = "<group>";
		};
		FA38F61D26A1B3030035E86C /* ViewModel */ = {
			isa = PBXGroup;
			children = (
				FA38F61E26A1B30F0035E86C /* NewsViewModel.swift */,
				FA38F62026A1B3190035E86C /* NewsDataSource.swift */,
			);
			path = ViewModel;
			sourceTree = "<group>";
		};
		FA38F62626A1B3AF0035E86C /* TopCell */ = {
			isa = PBXGroup;
			children = (
				FA38F62226A1B3A80035E86C /* TopCell.swift */,
				FA38F62326A1B3A80035E86C /* TopCell.xib */,
			);
			path = TopCell;
			sourceTree = "<group>";
		};
		FA38F62B26A1B3CA0035E86C /* GridCell */ = {
			isa = PBXGroup;
			children = (
				FA38F62C26A1B3D20035E86C /* GridItem */,
				FA38F62726A1B3C60035E86C /* GridCell.swift */,
				FA38F62826A1B3C60035E86C /* GridCell.xib */,
			);
			path = GridCell;
			sourceTree = "<group>";
		};
		FA38F62C26A1B3D20035E86C /* GridItem */ = {
			isa = PBXGroup;
			children = (
				FA38F62D26A1B3E70035E86C /* GridItem.swift */,
				FA38F62E26A1B3E70035E86C /* GridItem.xib */,
			);
			path = GridItem;
			sourceTree = "<group>";
		};
		FA38F63126A1BC8B0035E86C /* CategoryCell */ = {
			isa = PBXGroup;
			children = (
				FA38F63226A1BD100035E86C /* FeedCategoryCell.swift */,
				FA38F63326A1BD100035E86C /* FeedCategoryCell.xib */,
			);
			path = CategoryCell;
			sourceTree = "<group>";
		};
		FA38F63626A1BDF70035E86C /* ViewModel */ = {
			isa = PBXGroup;
			children = (
				FA38F63726A1BDFD0035E86C /* Cell */,
				FA38F63826A1BE0A0035E86C /* FeedDataSource.swift */,
				FA38F63A26A1BE160035E86C /* FeedViewModel.swift */,
			);
			path = ViewModel;
			sourceTree = "<group>";
		};
		FA38F63726A1BDFD0035E86C /* Cell */ = {
			isa = PBXGroup;
			children = (
				FA38F63C26A1BEAF0035E86C /* FeedCategoryCellViewModel.swift */,
				FA38F64826A1E1770035E86C /* RecentlyCellCollectionViewDataSource.swift */,
				FA38F65426A213FB0035E86C /* RelatedStoryCellDataSource.swift */,
			);
			path = Cell;
			sourceTree = "<group>";
		};
		FA38F63E26A1CA9B0035E86C /* RecentCell */ = {
			isa = PBXGroup;
			children = (
				FA38F64326A1CAB40035E86C /* RecentItem */,
				FA38F64426A1CACB0035E86C /* RecentCell.swift */,
				FA38F64526A1CACB0035E86C /* RecentCell.xib */,
			);
			path = RecentCell;
			sourceTree = "<group>";
		};
		FA38F64326A1CAB40035E86C /* RecentItem */ = {
			isa = PBXGroup;
			children = (
				FA38F63F26A1CAAB0035E86C /* RecentItem.swift */,
				FA38F64026A1CAAB0035E86C /* RecentItem.xib */,
			);
			path = RecentItem;
			sourceTree = "<group>";
		};
		FA38F64A26A1F2B50035E86C /* RelatedStories */ = {
			isa = PBXGroup;
			children = (
				FA38F64F26A1F2DC0035E86C /* RelatedStoriesItem */,
				FA38F64B26A1F2CD0035E86C /* RelatedStoriesCell.swift */,
				FA38F64C26A1F2CD0035E86C /* RelatedStoriesCell.xib */,
			);
			path = RelatedStories;
			sourceTree = "<group>";
		};
		FA38F64F26A1F2DC0035E86C /* RelatedStoriesItem */ = {
			isa = PBXGroup;
			children = (
				FA38F65026A1F3030035E86C /* RelatedStoriesItem.swift */,
				FA38F65126A1F3030035E86C /* RelatedStoriesItem.xib */,
			);
			path = RelatedStoriesItem;
			sourceTree = "<group>";
		};
/* End PBXGroup section */

/* Begin PBXNativeTarget section */
		FA38F54F26A17EEF0035E86C /* Reader */ = {
			isa = PBXNativeTarget;
			buildConfigurationList = FA38F56426A17EF20035E86C /* Build configuration list for PBXNativeTarget "Reader" */;
			buildPhases = (
				FA38F54C26A17EEF0035E86C /* Sources */,
				FA38F54D26A17EEF0035E86C /* Frameworks */,
				FA38F54E26A17EEF0035E86C /* Resources */,
			);
			buildRules = (
			);
			dependencies = (
			);
			name = Reader;
			packageProductDependencies = (
				FA38F61426A1A3370035E86C /* Kingfisher */,
			);
			productName = Reader;
			productReference = FA38F55026A17EEF0035E86C /* Reader.app */;
			productType = "com.apple.product-type.application";
		};
/* End PBXNativeTarget section */

/* Begin PBXProject section */
		FA38F54826A17EEF0035E86C /* Project object */ = {
			isa = PBXProject;
			attributes = {
				LastSwiftUpdateCheck = 1250;
				LastUpgradeCheck = 1250;
				TargetAttributes = {
					FA38F54F26A17EEF0035E86C = {
						CreatedOnToolsVersion = 12.5.1;
					};
				};
			};
			buildConfigurationList = FA38F54B26A17EEF0035E86C /* Build configuration list for PBXProject "Reader" */;
			compatibilityVersion = "Xcode 9.3";
			developmentRegion = en;
			hasScannedForEncodings = 0;
			knownRegions = (
				en,
				Base,
			);
			mainGroup = FA38F54726A17EEF0035E86C;
			packageReferences = (
				FA38F61326A1A3370035E86C /* XCRemoteSwiftPackageReference "Kingfisher" */,
			);
			productRefGroup = FA38F55126A17EEF0035E86C /* Products */;
			projectDirPath = "";
			projectRoot = "";
			targets = (
				FA38F54F26A17EEF0035E86C /* Reader */,
			);
		};
/* End PBXProject section */

/* Begin PBXResourcesBuildPhase section */
		FA38F54E26A17EEF0035E86C /* Resources */ = {
			isa = PBXResourcesBuildPhase;
			buildActionMask = 2147483647;
			files = (
				FA38F56026A17EF20035E86C /* LaunchScreen.storyboard in Resources */,
				FA38F64E26A1F2CD0035E86C /* RelatedStoriesCell.xib in Resources */,
				FA38F61226A1A00C0035E86C /* NewsCell.xib in Resources */,
				FA38F63026A1B3E70035E86C /* GridItem.xib in Resources */,
				FA38F63526A1BD100035E86C /* FeedCategoryCell.xib in Resources */,
				FA38F5EB26A183590035E86C /* FeedViewController.storyboard in Resources */,
				FA38F5ED26A183590035E86C /* TabBarController.storyboard in Resources */,
				FA38F62A26A1B3C60035E86C /* GridCell.xib in Resources */,
				FA38F55D26A17EF20035E86C /* Assets.xcassets in Resources */,
				FA38F5E826A183590035E86C /* NewsViewController.storyboard in Resources */,
				FA38F64226A1CAAB0035E86C /* RecentItem.xib in Resources */,
				FA38F5E626A183590035E86C /* SearchViewController.storyboard in Resources */,
				FA38F64726A1CACB0035E86C /* RecentCell.xib in Resources */,
				FA38F62526A1B3A80035E86C /* TopCell.xib in Resources */,
				FA38F5E126A183590035E86C /* FavoritesViewController.storyboard in Resources */,
				FA38F60826A197D10035E86C /* CategoryCell.xib in Resources */,
				FA38F65326A1F3030035E86C /* RelatedStoriesItem.xib in Resources */,
			);
			runOnlyForDeploymentPostprocessing = 0;
		};
/* End PBXResourcesBuildPhase section */

/* Begin PBXSourcesBuildPhase section */
		FA38F54C26A17EEF0035E86C /* Sources */ = {
			isa = PBXSourcesBuildPhase;
			buildActionMask = 2147483647;
			files = (
				FA38F61926A1A45D0035E86C /* SearchViewModel.swift in Sources */,
				FA38F64926A1E1770035E86C /* RecentlyCellCollectionViewDataSource.swift in Sources */,
				FA38F58726A17F5A0035E86C /* UICollectionViewCell + Extension.swift in Sources */,
				FA38F58826A17F5A0035E86C /* UITableView + Extension.swift in Sources */,
				FA38F62926A1B3C60035E86C /* GridCell.swift in Sources */,
				FA38F57E26A17F5A0035E86C /* AppCoordinator.swift in Sources */,
				FA38F57D26A17F5A0035E86C /* NewsManager.swift in Sources */,
				FA38F58226A17F5A0035E86C /* NetworkManager.swift in Sources */,
				FA38F58126A17F5A0035E86C /* CoordinatorDelegate.swift in Sources */,
				FA38F61126A1A00C0035E86C /* NewsCell.swift in Sources */,
				FA38F58026A17F5A0035E86C /* CoordinatorProtocol.swift in Sources */,
				FA38F5E426A183590035E86C /* SearchCoordinator.swift in Sources */,
				FA38F5E226A183590035E86C /* FavoritesViewController.swift in Sources */,
				FA38F5E526A183590035E86C /* SearchViewController.swift in Sources */,
				FA38F5EA26A183590035E86C /* FeedCoordinator.swift in Sources */,
				FA38F63B26A1BE160035E86C /* FeedViewModel.swift in Sources */,
				FA38F65526A213FB0035E86C /* RelatedStoryCellDataSource.swift in Sources */,
				FA38F64126A1CAAB0035E86C /* RecentItem.swift in Sources */,
				FA38F56B26A17F4C0035E86C /* Product.swift in Sources */,
				FA38F62F26A1B3E70035E86C /* GridItem.swift in Sources */,
				FA38F60426A1970A0035E86C /* CategoryCollectionViewDataSource.swift in Sources */,
				FA38F64626A1CACB0035E86C /* RecentCell.swift in Sources */,
				FA38F61C26A1AD990035E86C /* Featured.swift in Sources */,
				FA38F5F126A185D40035E86C /* FavoritesDataSource.swift in Sources */,
				FA38F63426A1BD100035E86C /* FeedCategoryCell.swift in Sources */,
				FA38F5EF26A183590035E86C /* BaseViewController.swift in Sources */,
				FA38F55426A17EEF0035E86C /* AppDelegate.swift in Sources */,
				FA38F58626A17F5A0035E86C /* UICollectionView + Extension.swift in Sources */,
				FA38F64D26A1F2CD0035E86C /* RelatedStoriesCell.swift in Sources */,
				FA38F61726A1A4530035E86C /* SearchDataSource.swift in Sources */,
				FA38F5E726A183590035E86C /* NewsCoordinator.swift in Sources */,
				FA38F5E926A183590035E86C /* NewsViewController.swift in Sources */,
				FA38F58326A17F5A0035E86C /* UIImage + Extension.swift in Sources */,
				FA38F5EE26A183590035E86C /* TabBarController.swift in Sources */,
				FA38F58426A17F5A0035E86C /* UIColor + Extension.swift in Sources */,
				FA38F62426A1B3A80035E86C /* TopCell.swift in Sources */,
				FA38F5F426A185E30035E86C /* FavoritesViewModel.swift in Sources */,
				FA38F63926A1BE0A0035E86C /* FeedDataSource.swift in Sources */,
				FA38F58526A17F5A0035E86C /* UITableViewCell + Extension.swift in Sources */,
				FA38F55626A17EEF0035E86C /* SceneDelegate.swift in Sources */,
				FA38F5E326A183590035E86C /* FavoritesCoordinator.swift in Sources */,
				FA38F5EC26A183590035E86C /* FeedViewController.swift in Sources */,
				FA38F5F626A18A250035E86C /* NewsResponse.swift in Sources */,
				FA38F61F26A1B30F0035E86C /* NewsViewModel.swift in Sources */,
				FA38F57F26A17F5A0035E86C /* Storyboarded.swift in Sources */,
				FA38F65226A1F3030035E86C /* RelatedStoriesItem.swift in Sources */,
				FA38F60726A197D10035E86C /* CategoryCell.swift in Sources */,
				FA38F63D26A1BEAF0035E86C /* FeedCategoryCellViewModel.swift in Sources */,
				FA38F62126A1B3190035E86C /* NewsDataSource.swift in Sources */,
			);
			runOnlyForDeploymentPostprocessing = 0;
		};
/* End PBXSourcesBuildPhase section */

/* Begin PBXVariantGroup section */
		FA38F55E26A17EF20035E86C /* LaunchScreen.storyboard */ = {
			isa = PBXVariantGroup;
			children = (
				FA38F55F26A17EF20035E86C /* Base */,
			);
			name = LaunchScreen.storyboard;
			sourceTree = "<group>";
		};
/* End PBXVariantGroup section */

/* Begin XCBuildConfiguration section */
		FA38F56226A17EF20035E86C /* Debug */ = {
			isa = XCBuildConfiguration;
			buildSettings = {
				ALWAYS_SEARCH_USER_PATHS = NO;
				CLANG_ANALYZER_NONNULL = YES;
				CLANG_ANALYZER_NUMBER_OBJECT_CONVERSION = YES_AGGRESSIVE;
				CLANG_CXX_LANGUAGE_STANDARD = "gnu++14";
				CLANG_CXX_LIBRARY = "libc++";
				CLANG_ENABLE_MODULES = YES;
				CLANG_ENABLE_OBJC_ARC = YES;
				CLANG_ENABLE_OBJC_WEAK = YES;
				CLANG_WARN_BLOCK_CAPTURE_AUTORELEASING = YES;
				CLANG_WARN_BOOL_CONVERSION = YES;
				CLANG_WARN_COMMA = YES;
				CLANG_WARN_CONSTANT_CONVERSION = YES;
				CLANG_WARN_DEPRECATED_OBJC_IMPLEMENTATIONS = YES;
				CLANG_WARN_DIRECT_OBJC_ISA_USAGE = YES_ERROR;
				CLANG_WARN_DOCUMENTATION_COMMENTS = YES;
				CLANG_WARN_EMPTY_BODY = YES;
				CLANG_WARN_ENUM_CONVERSION = YES;
				CLANG_WARN_INFINITE_RECURSION = YES;
				CLANG_WARN_INT_CONVERSION = YES;
				CLANG_WARN_NON_LITERAL_NULL_CONVERSION = YES;
				CLANG_WARN_OBJC_IMPLICIT_RETAIN_SELF = YES;
				CLANG_WARN_OBJC_LITERAL_CONVERSION = YES;
				CLANG_WARN_OBJC_ROOT_CLASS = YES_ERROR;
				CLANG_WARN_QUOTED_INCLUDE_IN_FRAMEWORK_HEADER = YES;
				CLANG_WARN_RANGE_LOOP_ANALYSIS = YES;
				CLANG_WARN_STRICT_PROTOTYPES = YES;
				CLANG_WARN_SUSPICIOUS_MOVE = YES;
				CLANG_WARN_UNGUARDED_AVAILABILITY = YES_AGGRESSIVE;
				CLANG_WARN_UNREACHABLE_CODE = YES;
				CLANG_WARN__DUPLICATE_METHOD_MATCH = YES;
				COPY_PHASE_STRIP = NO;
				DEBUG_INFORMATION_FORMAT = dwarf;
				ENABLE_STRICT_OBJC_MSGSEND = YES;
				ENABLE_TESTABILITY = YES;
				GCC_C_LANGUAGE_STANDARD = gnu11;
				GCC_DYNAMIC_NO_PIC = NO;
				GCC_NO_COMMON_BLOCKS = YES;
				GCC_OPTIMIZATION_LEVEL = 0;
				GCC_PREPROCESSOR_DEFINITIONS = (
					"DEBUG=1",
					"$(inherited)",
				);
				GCC_WARN_64_TO_32_BIT_CONVERSION = YES;
				GCC_WARN_ABOUT_RETURN_TYPE = YES_ERROR;
				GCC_WARN_UNDECLARED_SELECTOR = YES;
				GCC_WARN_UNINITIALIZED_AUTOS = YES_AGGRESSIVE;
				GCC_WARN_UNUSED_FUNCTION = YES;
				GCC_WARN_UNUSED_VARIABLE = YES;
				IPHONEOS_DEPLOYMENT_TARGET = 14.5;
				MTL_ENABLE_DEBUG_INFO = INCLUDE_SOURCE;
				MTL_FAST_MATH = YES;
				ONLY_ACTIVE_ARCH = YES;
				SDKROOT = iphoneos;
				SWIFT_ACTIVE_COMPILATION_CONDITIONS = DEBUG;
				SWIFT_OPTIMIZATION_LEVEL = "-Onone";
			};
			name = Debug;
		};
		FA38F56326A17EF20035E86C /* Release */ = {
			isa = XCBuildConfiguration;
			buildSettings = {
				ALWAYS_SEARCH_USER_PATHS = NO;
				CLANG_ANALYZER_NONNULL = YES;
				CLANG_ANALYZER_NUMBER_OBJECT_CONVERSION = YES_AGGRESSIVE;
				CLANG_CXX_LANGUAGE_STANDARD = "gnu++14";
				CLANG_CXX_LIBRARY = "libc++";
				CLANG_ENABLE_MODULES = YES;
				CLANG_ENABLE_OBJC_ARC = YES;
				CLANG_ENABLE_OBJC_WEAK = YES;
				CLANG_WARN_BLOCK_CAPTURE_AUTORELEASING = YES;
				CLANG_WARN_BOOL_CONVERSION = YES;
				CLANG_WARN_COMMA = YES;
				CLANG_WARN_CONSTANT_CONVERSION = YES;
				CLANG_WARN_DEPRECATED_OBJC_IMPLEMENTATIONS = YES;
				CLANG_WARN_DIRECT_OBJC_ISA_USAGE = YES_ERROR;
				CLANG_WARN_DOCUMENTATION_COMMENTS = YES;
				CLANG_WARN_EMPTY_BODY = YES;
				CLANG_WARN_ENUM_CONVERSION = YES;
				CLANG_WARN_INFINITE_RECURSION = YES;
				CLANG_WARN_INT_CONVERSION = YES;
				CLANG_WARN_NON_LITERAL_NULL_CONVERSION = YES;
				CLANG_WARN_OBJC_IMPLICIT_RETAIN_SELF = YES;
				CLANG_WARN_OBJC_LITERAL_CONVERSION = YES;
				CLANG_WARN_OBJC_ROOT_CLASS = YES_ERROR;
				CLANG_WARN_QUOTED_INCLUDE_IN_FRAMEWORK_HEADER = YES;
				CLANG_WARN_RANGE_LOOP_ANALYSIS = YES;
				CLANG_WARN_STRICT_PROTOTYPES = YES;
				CLANG_WARN_SUSPICIOUS_MOVE = YES;
				CLANG_WARN_UNGUARDED_AVAILABILITY = YES_AGGRESSIVE;
				CLANG_WARN_UNREACHABLE_CODE = YES;
				CLANG_WARN__DUPLICATE_METHOD_MATCH = YES;
				COPY_PHASE_STRIP = NO;
				DEBUG_INFORMATION_FORMAT = "dwarf-with-dsym";
				ENABLE_NS_ASSERTIONS = NO;
				ENABLE_STRICT_OBJC_MSGSEND = YES;
				GCC_C_LANGUAGE_STANDARD = gnu11;
				GCC_NO_COMMON_BLOCKS = YES;
				GCC_WARN_64_TO_32_BIT_CONVERSION = YES;
				GCC_WARN_ABOUT_RETURN_TYPE = YES_ERROR;
				GCC_WARN_UNDECLARED_SELECTOR = YES;
				GCC_WARN_UNINITIALIZED_AUTOS = YES_AGGRESSIVE;
				GCC_WARN_UNUSED_FUNCTION = YES;
				GCC_WARN_UNUSED_VARIABLE = YES;
				IPHONEOS_DEPLOYMENT_TARGET = 14.5;
				MTL_ENABLE_DEBUG_INFO = NO;
				MTL_FAST_MATH = YES;
				SDKROOT = iphoneos;
				SWIFT_COMPILATION_MODE = wholemodule;
				SWIFT_OPTIMIZATION_LEVEL = "-O";
				VALIDATE_PRODUCT = YES;
			};
			name = Release;
		};
		FA38F56526A17EF20035E86C /* Debug */ = {
			isa = XCBuildConfiguration;
			buildSettings = {
				ASSETCATALOG_COMPILER_APPICON_NAME = AppIcon;
				ASSETCATALOG_COMPILER_GLOBAL_ACCENT_COLOR_NAME = AccentColor;
				CODE_SIGN_STYLE = Automatic;
				INFOPLIST_FILE = Reader/Info.plist;
				LD_RUNPATH_SEARCH_PATHS = (
					"$(inherited)",
					"@executable_path/Frameworks",
				);
				PRODUCT_BUNDLE_IDENTIFIER = eka.altunashvili.Reader;
				PRODUCT_NAME = "$(TARGET_NAME)";
				SWIFT_VERSION = 5.0;
				TARGETED_DEVICE_FAMILY = "1,2";
			};
			name = Debug;
		};
		FA38F56626A17EF20035E86C /* Release */ = {
			isa = XCBuildConfiguration;
			buildSettings = {
				ASSETCATALOG_COMPILER_APPICON_NAME = AppIcon;
				ASSETCATALOG_COMPILER_GLOBAL_ACCENT_COLOR_NAME = AccentColor;
				CODE_SIGN_STYLE = Automatic;
				INFOPLIST_FILE = Reader/Info.plist;
				LD_RUNPATH_SEARCH_PATHS = (
					"$(inherited)",
					"@executable_path/Frameworks",
				);
				PRODUCT_BUNDLE_IDENTIFIER = eka.altunashvili.Reader;
				PRODUCT_NAME = "$(TARGET_NAME)";
				SWIFT_VERSION = 5.0;
				TARGETED_DEVICE_FAMILY = "1,2";
			};
			name = Release;
		};
/* End XCBuildConfiguration section */

/* Begin XCConfigurationList section */
		FA38F54B26A17EEF0035E86C /* Build configuration list for PBXProject "Reader" */ = {
			isa = XCConfigurationList;
			buildConfigurations = (
				FA38F56226A17EF20035E86C /* Debug */,
				FA38F56326A17EF20035E86C /* Release */,
			);
			defaultConfigurationIsVisible = 0;
			defaultConfigurationName = Release;
		};
		FA38F56426A17EF20035E86C /* Build configuration list for PBXNativeTarget "Reader" */ = {
			isa = XCConfigurationList;
			buildConfigurations = (
				FA38F56526A17EF20035E86C /* Debug */,
				FA38F56626A17EF20035E86C /* Release */,
			);
			defaultConfigurationIsVisible = 0;
			defaultConfigurationName = Release;
		};
/* End XCConfigurationList section */

/* Begin XCRemoteSwiftPackageReference section */
		FA38F61326A1A3370035E86C /* XCRemoteSwiftPackageReference "Kingfisher" */ = {
			isa = XCRemoteSwiftPackageReference;
			repositoryURL = "https://github.com/onevcat/Kingfisher";
			requirement = {
				kind = upToNextMajorVersion;
				minimumVersion = 6.3.0;
			};
		};
/* End XCRemoteSwiftPackageReference section */

/* Begin XCSwiftPackageProductDependency section */
		FA38F61426A1A3370035E86C /* Kingfisher */ = {
			isa = XCSwiftPackageProductDependency;
			package = FA38F61326A1A3370035E86C /* XCRemoteSwiftPackageReference "Kingfisher" */;
			productName = Kingfisher;
		};
/* End XCSwiftPackageProductDependency section */
	};
	rootObject = FA38F54826A17EEF0035E86C /* Project object */;
}
